
Microsoft Visual Studio Solution File, Format Version 12.00
# Visual Studio 15
VisualStudioVersion = 15.0.27004.2010
MinimumVisualStudioVersion = 10.0.40219.1
Project("{9A19103F-16F7-4668-BE54-9A1E7A4F7556}") = "SimpleLiveData", "SimpleLiveData\SimpleLiveData.csproj", "{8F9D8B21-813C-4FA6-A295-D0551F3E4346}"
EndProject
Project("{9A19103F-16F7-4668-BE54-9A1E7A4F7556}") = "Scm.Linq.Tests", "Scm.Linq.Tests\Scm.Linq.Tests.csproj", "{8D712D62-C9AC-47DF-8907-2838911C5BEE}"
EndProject
Project("{9A19103F-16F7-4668-BE54-9A1E7A4F7556}") = "Scm.Linq", "Scm.Linq\Scm.Linq.csproj", "{599FCAA8-BDEA-4C1F-87F7-9FDB3162EEDE}"
EndProject
Project("{9A19103F-16F7-4668-BE54-9A1E7A4F7556}") = "Scm.Rx", "Scm.Rx\Scm.Rx.csproj", "{AC84E322-AE43-4462-8B99-E8A3BA015EA2}"
EndProject
Project("{9A19103F-16F7-4668-BE54-9A1E7A4F7556}") = "Scm.DataAccess.Queryable", "Scm.DataAccess.Queryable\Scm.DataAccess.Queryable.csproj", "{7099ED43-B4B2-4504-9BAD-8F1474D20335}"
EndProject
Project("{9A19103F-16F7-4668-BE54-9A1E7A4F7556}") = "Scm.DataAccess.Qbservable", "Scm.DataAccess.Qbservable\Scm.DataAccess.Qbservable.csproj", "{05CEC22C-F8A2-417E-90D9-D1AD51A829E3}"
EndProject
Project("{9A19103F-16F7-4668-BE54-9A1E7A4F7556}") = "Scm.DataAccess", "Scm.DataAccess\Scm.DataAccess.csproj", "{760BADEE-8C8C-4E02-94EE-039110FED9B0}"
EndProject
Project("{9A19103F-16F7-4668-BE54-9A1E7A4F7556}") = "Scm.DataStorage.Efc2", "Scm.DataStorage.Efc2\Scm.DataStorage.Efc2.csproj", "{8E4FC9EA-B878-47BE-8A97-678A361A4310}"
EndProject
Project("{9A19103F-16F7-4668-BE54-9A1E7A4F7556}") = "Scm.DataStorage.Subject", "Scm.DataStorage.Subject\Scm.DataStorage.Subject.csproj", "{7BD61AC0-3F1E-4186-8498-85518FCD76FE}"
EndProject
Project("{9A19103F-16F7-4668-BE54-9A1E7A4F7556}") = "Scm.Concurrency", "Scm.Concurrency\Scm.Concurrency.csproj", "{D7103838-5B18-4AAD-AE52-FC01EB3C7802}"
EndProject
Project("{9A19103F-16F7-4668-BE54-9A1E7A4F7556}") = "Scm.Rx.Tests", "Scm.Rx.Tests\Scm.Rx.Tests.csproj", "{E043B4C1-C4A3-477C-A10C-021C10113D0E}"
EndProject
Project("{9A19103F-16F7-4668-BE54-9A1E7A4F7556}") = "Scm.Concurrency.Tests", "Scm.Concurrency.Tests\Scm.Concurrency.Tests.csproj", "{2B94628F-0BAE-43AA-AB9A-3ACA75D74C27}"
EndProject
Project("{9A19103F-16F7-4668-BE54-9A1E7A4F7556}") = "SimpleLiveData.Tests", "SimpleLiveData.Tests\SimpleLiveData.Tests.csproj", "{35F29534-B031-40AD-A259-438DBCBBE38B}"
EndProject
Project("{9A19103F-16F7-4668-BE54-9A1E7A4F7556}") = "Scm.Sys", "Scm.Sys\Scm.Sys.csproj", "{9D937E5D-60AC-4C5F-9154-D46DD8669288}"
EndProject
Project("{9A19103F-16F7-4668-BE54-9A1E7A4F7556}") = "Scm.Sys.Tests", "Scm.Sys.Tests\Scm.Sys.Tests.csproj", "{1777E4F7-1CA3-42D0-9D09-D01DA5502E61}"
EndProject
Project("{9A19103F-16F7-4668-BE54-9A1E7A4F7556}") = "Scm.Presentation.OData", "Scm.Presentation.OData\Scm.Presentation.OData.csproj", "{947A853C-9810-41C3-AA30-64AA1310F00F}"
EndProject
Project("{FAE04EC0-301F-11D3-BF4B-00C04F79EFBC}") = "Scm.Web", "Scm.Web\Scm.Web.csproj", "{5771E86B-B43F-4C61-BAC8-FBADCDCD77D9}"
EndProject
Global
	GlobalSection(SolutionConfigurationPlatforms) = preSolution
		Debug|Any CPU = Debug|Any CPU
		Release|Any CPU = Release|Any CPU
	EndGlobalSection
	GlobalSection(ProjectConfigurationPlatforms) = postSolution
		{8F9D8B21-813C-4FA6-A295-D0551F3E4346}.Debug|Any CPU.ActiveCfg = Debug|Any CPU
		{8F9D8B21-813C-4FA6-A295-D0551F3E4346}.Debug|Any CPU.Build.0 = Debug|Any CPU
		{8F9D8B21-813C-4FA6-A295-D0551F3E4346}.Release|Any CPU.ActiveCfg = Release|Any CPU
		{8F9D8B21-813C-4FA6-A295-D0551F3E4346}.Release|Any CPU.Build.0 = Release|Any CPU
		{8D712D62-C9AC-47DF-8907-2838911C5BEE}.Debug|Any CPU.ActiveCfg = Debug|Any CPU
		{8D712D62-C9AC-47DF-8907-2838911C5BEE}.Debug|Any CPU.Build.0 = Debug|Any CPU
		{8D712D62-C9AC-47DF-8907-2838911C5BEE}.Release|Any CPU.ActiveCfg = Release|Any CPU
		{8D712D62-C9AC-47DF-8907-2838911C5BEE}.Release|Any CPU.Build.0 = Release|Any CPU
		{599FCAA8-BDEA-4C1F-87F7-9FDB3162EEDE}.Debug|Any CPU.ActiveCfg = Debug|Any CPU
		{599FCAA8-BDEA-4C1F-87F7-9FDB3162EEDE}.Debug|Any CPU.Build.0 = Debug|Any CPU
		{599FCAA8-BDEA-4C1F-87F7-9FDB3162EEDE}.Release|Any CPU.ActiveCfg = Release|Any CPU
		{599FCAA8-BDEA-4C1F-87F7-9FDB3162EEDE}.Release|Any CPU.Build.0 = Release|Any CPU
		{AC84E322-AE43-4462-8B99-E8A3BA015EA2}.Debug|Any CPU.ActiveCfg = Debug|Any CPU
		{AC84E322-AE43-4462-8B99-E8A3BA015EA2}.Debug|Any CPU.Build.0 = Debug|Any CPU
		{AC84E322-AE43-4462-8B99-E8A3BA015EA2}.Release|Any CPU.ActiveCfg = Release|Any CPU
		{AC84E322-AE43-4462-8B99-E8A3BA015EA2}.Release|Any CPU.Build.0 = Release|Any CPU
		{7099ED43-B4B2-4504-9BAD-8F1474D20335}.Debug|Any CPU.ActiveCfg = Debug|Any CPU
		{7099ED43-B4B2-4504-9BAD-8F1474D20335}.Debug|Any CPU.Build.0 = Debug|Any CPU
		{7099ED43-B4B2-4504-9BAD-8F1474D20335}.Release|Any CPU.ActiveCfg = Release|Any CPU
		{7099ED43-B4B2-4504-9BAD-8F1474D20335}.Release|Any CPU.Build.0 = Release|Any CPU
		{05CEC22C-F8A2-417E-90D9-D1AD51A829E3}.Debug|Any CPU.ActiveCfg = Debug|Any CPU
		{05CEC22C-F8A2-417E-90D9-D1AD51A829E3}.Debug|Any CPU.Build.0 = Debug|Any CPU
		{05CEC22C-F8A2-417E-90D9-D1AD51A829E3}.Release|Any CPU.ActiveCfg = Release|Any CPU
		{05CEC22C-F8A2-417E-90D9-D1AD51A829E3}.Release|Any CPU.Build.0 = Release|Any CPU
		{760BADEE-8C8C-4E02-94EE-039110FED9B0}.Debug|Any CPU.ActiveCfg = Debug|Any CPU
		{760BADEE-8C8C-4E02-94EE-039110FED9B0}.Debug|Any CPU.Build.0 = Debug|Any CPU
		{760BADEE-8C8C-4E02-94EE-039110FED9B0}.Release|Any CPU.ActiveCfg = Release|Any CPU
		{760BADEE-8C8C-4E02-94EE-039110FED9B0}.Release|Any CPU.Build.0 = Release|Any CPU
		{8E4FC9EA-B878-47BE-8A97-678A361A4310}.Debug|Any CPU.ActiveCfg = Debug|Any CPU
		{8E4FC9EA-B878-47BE-8A97-678A361A4310}.Debug|Any CPU.Build.0 = Debug|Any CPU
		{8E4FC9EA-B878-47BE-8A97-678A361A4310}.Release|Any CPU.ActiveCfg = Release|Any CPU
		{8E4FC9EA-B878-47BE-8A97-678A361A4310}.Release|Any CPU.Build.0 = Release|Any CPU
		{7BD61AC0-3F1E-4186-8498-85518FCD76FE}.Debug|Any CPU.ActiveCfg = Debug|Any CPU
		{7BD61AC0-3F1E-4186-8498-85518FCD76FE}.Debug|Any CPU.Build.0 = Debug|Any CPU
		{7BD61AC0-3F1E-4186-8498-85518FCD76FE}.Release|Any CPU.ActiveCfg = Release|Any CPU
		{7BD61AC0-3F1E-4186-8498-85518FCD76FE}.Release|Any CPU.Build.0 = Release|Any CPU
		{D7103838-5B18-4AAD-AE52-FC01EB3C7802}.Debug|Any CPU.ActiveCfg = Debug|Any CPU
		{D7103838-5B18-4AAD-AE52-FC01EB3C7802}.Debug|Any CPU.Build.0 = Debug|Any CPU
		{D7103838-5B18-4AAD-AE52-FC01EB3C7802}.Release|Any CPU.ActiveCfg = Release|Any CPU
		{D7103838-5B18-4AAD-AE52-FC01EB3C7802}.Release|Any CPU.Build.0 = Release|Any CPU
		{E043B4C1-C4A3-477C-A10C-021C10113D0E}.Debug|Any CPU.ActiveCfg = Debug|Any CPU
		{E043B4C1-C4A3-477C-A10C-021C10113D0E}.Debug|Any CPU.Build.0 = Debug|Any CPU
		{E043B4C1-C4A3-477C-A10C-021C10113D0E}.Release|Any CPU.ActiveCfg = Release|Any CPU
		{E043B4C1-C4A3-477C-A10C-021C10113D0E}.Release|Any CPU.Build.0 = Release|Any CPU
		{2B94628F-0BAE-43AA-AB9A-3ACA75D74C27}.Debug|Any CPU.ActiveCfg = Debug|Any CPU
		{2B94628F-0BAE-43AA-AB9A-3ACA75D74C27}.Debug|Any CPU.Build.0 = Debug|Any CPU
		{2B94628F-0BAE-43AA-AB9A-3ACA75D74C27}.Release|Any CPU.ActiveCfg = Release|Any CPU
		{2B94628F-0BAE-43AA-AB9A-3ACA75D74C27}.Release|Any CPU.Build.0 = Release|Any CPU
		{35F29534-B031-40AD-A259-438DBCBBE38B}.Debug|Any CPU.ActiveCfg = Debug|Any CPU
		{35F29534-B031-40AD-A259-438DBCBBE38B}.Debug|Any CPU.Build.0 = Debug|Any CPU
		{35F29534-B031-40AD-A259-438DBCBBE38B}.Release|Any CPU.ActiveCfg = Release|Any CPU
		{35F29534-B031-40AD-A259-438DBCBBE38B}.Release|Any CPU.Build.0 = Release|Any CPU
		{9D937E5D-60AC-4C5F-9154-D46DD8669288}.Debug|Any CPU.ActiveCfg = Debug|Any CPU
		{9D937E5D-60AC-4C5F-9154-D46DD8669288}.Debug|Any CPU.Build.0 = Debug|Any CPU
		{9D937E5D-60AC-4C5F-9154-D46DD8669288}.Release|Any CPU.ActiveCfg = Release|Any CPU
		{9D937E5D-60AC-4C5F-9154-D46DD8669288}.Release|Any CPU.Build.0 = Release|Any CPU
		{1777E4F7-1CA3-42D0-9D09-D01DA5502E61}.Debug|Any CPU.ActiveCfg = Debug|Any CPU
		{1777E4F7-1CA3-42D0-9D09-D01DA5502E61}.Debug|Any CPU.Build.0 = Debug|Any CPU
		{1777E4F7-1CA3-42D0-9D09-D01DA5502E61}.Release|Any CPU.ActiveCfg = Release|Any CPU
		{1777E4F7-1CA3-42D0-9D09-D01DA5502E61}.Release|Any CPU.Build.0 = Release|Any CPU
		{947A853C-9810-41C3-AA30-64AA1310F00F}.Debug|Any CPU.ActiveCfg = Debug|Any CPU
		{947A853C-9810-41C3-AA30-64AA1310F00F}.Debug|Any CPU.Build.0 = Debug|Any CPU
		{947A853C-9810-41C3-AA30-64AA1310F00F}.Release|Any CPU.ActiveCfg = Release|Any CPU
		{947A853C-9810-41C3-AA30-64AA1310F00F}.Release|Any CPU.Build.0 = Release|Any CPU
		{5771E86B-B43F-4C61-BAC8-FBADCDCD77D9}.Debug|Any CPU.ActiveCfg = Debug|Any CPU
		{5771E86B-B43F-4C61-BAC8-FBADCDCD77D9}.Debug|Any CPU.Build.0 = Debug|Any CPU
		{5771E86B-B43F-4C61-BAC8-FBADCDCD77D9}.Release|Any CPU.ActiveCfg = Release|Any CPU
		{5771E86B-B43F-4C61-BAC8-FBADCDCD77D9}.Release|Any CPU.Build.0 = Release|Any CPU
	EndGlobalSection
	GlobalSection(SolutionProperties) = preSolution
		HideSolutionNode = FALSE
	EndGlobalSection
	GlobalSection(ExtensibilityGlobals) = postSolution
		SolutionGuid = {6A615D4A-6348-43F7-9676-5A47B5FD3A0A}
	EndGlobalSection
EndGlobal
